
Microsoft Visual Studio Solution File, Format Version 12.00
# Visual Studio Version 17
VisualStudioVersion = 17.14.36804.6 d17.14
MinimumVisualStudioVersion = 10.0.40219.1
Project("{8BC9CEB8-8B4A-11D0-8D11-00A0C91BC942}") = "akilli_hisse_senedi_kripto_veri_analizoru", "akilli_hisse_senedi_kripto_veri_analizoru.vcxproj", "{F1A818E7-09CA-4734-B020-5EC3EDA644CB}"
EndProject
Global
	GlobalSection(SolutionConfigurationPlatforms) = preSolution
		Debug|x64 = Debug|x64
		Debug|x86 = Debug|x86
		Release|x64 = Release|x64
		Release|x86 = Release|x86
	EndGlobalSection
	GlobalSection(ProjectConfigurationPlatforms) = postSolution
		{F1A818E7-09CA-4734-B020-5EC3EDA644CB}.Debug|x64.ActiveCfg = Debug|x64
		{F1A818E7-09CA-4734-B020-5EC3EDA644CB}.Debug|x64.Build.0 = Debug|x64
		{F1A818E7-09CA-4734-B020-5EC3EDA644CB}.Debug|x86.ActiveCfg = Debug|Win32
		{F1A818E7-09CA-4734-B020-5EC3EDA644CB}.Debug|x86.Build.0 = Debug|Win32
		{F1A818E7-09CA-4734-B020-5EC3EDA644CB}.Release|x64.ActiveCfg = Release|x64
		{F1A818E7-09CA-4734-B020-5EC3EDA644CB}.Release|x64.Build.0 = Release|x64
		{F1A818E7-09CA-4734-B020-5EC3EDA644CB}.Release|x86.ActiveCfg = Release|Win32
		{F1A818E7-09CA-4734-B020-5EC3EDA644CB}.Release|x86.Build.0 = Release|Win32
	EndGlobalSection
	GlobalSection(SolutionProperties) = preSolution
		HideSolutionNode = FALSE
	EndGlobalSection
	GlobalSection(ExtensibilityGlobals) = postSolution
		SolutionGuid = {CD64093E-7F07-40D9-A36E-8FC560790E9B}
	EndGlobalSection
EndGlobal
